{
  "version": 4,
  "terraform_version": "1.15.4",
  "serial": 3,
  "lineage": "0a9666a9-7bb9-1928-e587-7ca8329956e6",
  "outputs": {},
  "resources": [
    {
      "mode": "managed",
      "type": "github_repository",
      "name": "portfolio",
      "provider": "provider[\"registry.terraform.io/hashicorp/github\"]",
      "instances": [
        {
          "schema_version": 1,
          "attributes": {
            "allow_auto_merge": false,
            "allow_forking": true,
            "allow_merge_commit": true,
            "allow_rebase_merge": true,
            "allow_squash_merge": true,
            "allow_update_branch": false,
            "archive_on_destroy": null,
            "archived": false,
            "auto_init": true,
            "default_branch": "main",
            "delete_branch_on_merge": false,
            "description": "Infrastructure-as-Code managed portfolio for Sai Bhommidi",
            "etag": "W/\"ab2171adf36588bdaa5fa280862b5717fd1dda44d5ea5db04d560827ce7cb8dc\"",
            "fork": "false",
            "full_name": "bhommidisai/sre-portfolio-2026",
            "git_clone_url": "git://github.com/bhommidisai/sre-portfolio-2026.git",
            "gitignore_template": null,
            "has_discussions": false,
            "has_downloads": false,
            "has_issues": false,
            "has_projects": false,
            "has_wiki": false,
            "homepage_url": "",
            "html_url": "https://github.com/bhommidisai/sre-portfolio-2026",
            "http_clone_url": "https://github.com/bhommidisai/sre-portfolio-2026.git",
            "id": "sre-portfolio-2026",
            "ignore_vulnerability_alerts_during_read": false,
            "is_template": false,
            "license_template": null,
            "merge_commit_message": "PR_TITLE",
            "merge_commit_title": "MERGE_MESSAGE",
            "name": "sre-portfolio-2026",
            "node_id": "R_kgDOSmRxsA",
            "pages": [],
            "primary_language": "",
            "private": false,
            "repo_id": 1248096688,
            "security_and_analysis": [
              {
                "advanced_security": [],
                "code_security": [],
                "secret_scanning": [
                  {
                    "status": "enabled"
                  }
                ],
                "secret_scanning_ai_detection": [],
                "secret_scanning_non_provider_patterns": [],
                "secret_scanning_push_protection": [
                  {
                    "status": "enabled"
                  }
                ]
              }
            ],
            "source_owner": "",
            "source_repo": "",
            "squash_merge_commit_message": "COMMIT_MESSAGES",
            "squash_merge_commit_title": "COMMIT_OR_PR_TITLE",
            "ssh_clone_url": "git@github.com:bhommidisai/sre-portfolio-2026.git",
            "svn_url": "https://github.com/bhommidisai/sre-portfolio-2026",
            "template": [],
            "topics": [],
            "visibility": "public",
            "vulnerability_alerts": false,
            "web_commit_signoff_required": false
          },
          "sensitive_attributes": [],
          "identity_schema_version": 0,
          "private": "eyJzY2hlbWFfdmVyc2lvbiI6IjEifQ=="
        }
      ]
    },
    {
      "mode": "managed",
      "type": "github_repository_pages",
      "name": "hosting",
      "provider": "provider[\"registry.terraform.io/hashicorp/github\"]",
      "instances": [
        {
          "schema_version": 0,
          "attributes": {
            "api_url": "https://api.github.com/repos/bhommidisai/sre-portfolio-2026/pages",
            "build_status": "",
            "build_type": "legacy",
            "cname": "",
            "custom_404": false,
            "html_url": "https://bhommidisai.github.io/sre-portfolio-2026/",
            "https_enforced": true,
            "id": "1248096688",
            "public": true,
            "repository": "sre-portfolio-2026",
            "repository_id": 1248096688,
            "source": [
              {
                "branch": "main",
                "path": "/docs"
              }
            ]
          },
          "sensitive_attributes": [],
          "identity_schema_version": 0,
          "private": "bnVsbA==",
          "dependencies": [
            "github_repository.portfolio"
          ]
        }
      ]
    }
  ],
  "check_results": null
}
